
Microsoft Visual Studio Solution File, Format Version 12.00
# Visual Studio Version 17
VisualStudioVersion = 17.8.34322.80
MinimumVisualStudioVersion = 10.0.40219.1
Project("{FAE04EC0-301F-11D3-BF4B-00C04F79EFBC}") = "FileDirOpdracht", "FileDirOpdracht\FileDirOpdracht.csproj", "{264E6B90-78AE-4A9D-B988-A4EDD848CD19}"
EndProject
Global
	GlobalSection(SolutionConfigurationPlatforms) = preSolution
		Debug|Any CPU = Debug|Any CPU
		Release|Any CPU = Release|Any CPU
	EndGlobalSection
	GlobalSection(ProjectConfigurationPlatforms) = postSolution
		{264E6B90-78AE-4A9D-B988-A4EDD848CD19}.Debug|Any CPU.ActiveCfg = Debug|Any CPU
		{264E6B90-78AE-4A9D-B988-A4EDD848CD19}.Debug|Any CPU.Build.0 = Debug|Any CPU
		{264E6B90-78AE-4A9D-B988-A4EDD848CD19}.Release|Any CPU.ActiveCfg = Release|Any CPU
		{264E6B90-78AE-4A9D-B988-A4EDD848CD19}.Release|Any CPU.Build.0 = Release|Any CPU
	EndGlobalSection
	GlobalSection(SolutionProperties) = preSolution
		HideSolutionNode = FALSE
	EndGlobalSection
	GlobalSection(ExtensibilityGlobals) = postSolution
		SolutionGuid = {E362622E-091E-438A-8327-A64CC2D55333}
	EndGlobalSection
EndGlobal
